
Microsoft Visual Studio Solution File, Format Version 12.00
# Visual Studio 15
VisualStudioVersion = 15.0.28307.136
MinimumVisualStudioVersion = 10.0.40219.1
Project("{8BC9CEB8-8B4A-11D0-8D11-00A0C91BC942}") = "Activator", "Activator\Activator.vcxproj", "{AD3A4F9D-7065-4AD9-90BE-9962AFFDD7DC}"
EndProject
Project("{FAE04EC0-301F-11D3-BF4B-00C04F79EFBC}") = "Component", "Component\Component.csproj", "{EF27040C-C161-4A36-8F18-3C65146F13BC}"
EndProject
Global
	GlobalSection(SolutionConfigurationPlatforms) = preSolution
		Debug|Any CPU = Debug|Any CPU
		Debug|x64 = Debug|x64
		Debug|x86 = Debug|x86
		Release|Any CPU = Release|Any CPU
		Release|x64 = Release|x64
		Release|x86 = Release|x86
	EndGlobalSection
	GlobalSection(ProjectConfigurationPlatforms) = postSolution
		{AD3A4F9D-7065-4AD9-90BE-9962AFFDD7DC}.Debug|Any CPU.ActiveCfg = Debug|Win32
		{AD3A4F9D-7065-4AD9-90BE-9962AFFDD7DC}.Debug|x64.ActiveCfg = Debug|x64
		{AD3A4F9D-7065-4AD9-90BE-9962AFFDD7DC}.Debug|x64.Build.0 = Debug|x64
		{AD3A4F9D-7065-4AD9-90BE-9962AFFDD7DC}.Debug|x86.ActiveCfg = Debug|Win32
		{AD3A4F9D-7065-4AD9-90BE-9962AFFDD7DC}.Debug|x86.Build.0 = Debug|Win32
		{AD3A4F9D-7065-4AD9-90BE-9962AFFDD7DC}.Release|Any CPU.ActiveCfg = Release|Win32
		{AD3A4F9D-7065-4AD9-90BE-9962AFFDD7DC}.Release|x64.ActiveCfg = Release|x64
		{AD3A4F9D-7065-4AD9-90BE-9962AFFDD7DC}.Release|x64.Build.0 = Release|x64
		{AD3A4F9D-7065-4AD9-90BE-9962AFFDD7DC}.Release|x86.ActiveCfg = Release|Win32
		{AD3A4F9D-7065-4AD9-90BE-9962AFFDD7DC}.Release|x86.Build.0 = Release|Win32
		{EF27040C-C161-4A36-8F18-3C65146F13BC}.Debug|Any CPU.ActiveCfg = Debug|Any CPU
		{EF27040C-C161-4A36-8F18-3C65146F13BC}.Debug|Any CPU.Build.0 = Debug|Any CPU
		{EF27040C-C161-4A36-8F18-3C65146F13BC}.Debug|x64.ActiveCfg = Debug|Any CPU
		{EF27040C-C161-4A36-8F18-3C65146F13BC}.Debug|x64.Build.0 = Debug|Any CPU
		{EF27040C-C161-4A36-8F18-3C65146F13BC}.Debug|x86.ActiveCfg = Debug|Any CPU
		{EF27040C-C161-4A36-8F18-3C65146F13BC}.Debug|x86.Build.0 = Debug|Any CPU
		{EF27040C-C161-4A36-8F18-3C65146F13BC}.Release|Any CPU.ActiveCfg = Release|Any CPU
		{EF27040C-C161-4A36-8F18-3C65146F13BC}.Release|Any CPU.Build.0 = Release|Any CPU
		{EF27040C-C161-4A36-8F18-3C65146F13BC}.Release|x64.ActiveCfg = Release|Any CPU
		{EF27040C-C161-4A36-8F18-3C65146F13BC}.Release|x64.Build.0 = Release|Any CPU
		{EF27040C-C161-4A36-8F18-3C65146F13BC}.Release|x86.ActiveCfg = Release|Any CPU
		{EF27040C-C161-4A36-8F18-3C65146F13BC}.Release|x86.Build.0 = Release|Any CPU
	EndGlobalSection
	GlobalSection(SolutionProperties) = preSolution
		HideSolutionNode = FALSE
	EndGlobalSection
	GlobalSection(ExtensibilityGlobals) = postSolution
		SolutionGuid = {2B5329D4-6431-4A43-83E2-1C0F581EBE53}
	EndGlobalSection
EndGlobal
